
Microsoft Visual Studio Solution File, Format Version 12.00
# Visual Studio Version 17
VisualStudioVersion = 17.0.32112.339
MinimumVisualStudioVersion = 10.0.40219.1
Project("{FAE04EC0-301F-11D3-BF4B-00C04F79EFBC}") = "Singleton", "Singleton\Singleton.csproj", "{73366A8C-BFB9-4A77-BA81-80C43DE883C0}"
EndProject
Global
	GlobalSection(SolutionConfigurationPlatforms) = preSolution
		Debug|Any CPU = Debug|Any CPU
		Release|Any CPU = Release|Any CPU
	EndGlobalSection
	GlobalSection(ProjectConfigurationPlatforms) = postSolution
		{73366A8C-BFB9-4A77-BA81-80C43DE883C0}.Debug|Any CPU.ActiveCfg = Debug|Any CPU
		{73366A8C-BFB9-4A77-BA81-80C43DE883C0}.Debug|Any CPU.Build.0 = Debug|Any CPU
		{73366A8C-BFB9-4A77-BA81-80C43DE883C0}.Release|Any CPU.ActiveCfg = Release|Any CPU
		{73366A8C-BFB9-4A77-BA81-80C43DE883C0}.Release|Any CPU.Build.0 = Release|Any CPU
	EndGlobalSection
	GlobalSection(SolutionProperties) = preSolution
		HideSolutionNode = FALSE
	EndGlobalSection
	GlobalSection(ExtensibilityGlobals) = postSolution
		SolutionGuid = {7E2F9F9F-4045-4474-8265-A51086036EA3}
	EndGlobalSection
EndGlobal
